// !$*UTF8*$!
{
	archiveVersion = 1;
	classes = {
	};
	objectVersion = 48;
	objects = {

/* Begin PBXBuildFile section */
		FE0EA9222052BC11001CFF27 /* AppDelegate.swift in Sources */ = {isa = PBXBuildFile; fileRef = FE0EA9212052BC11001CFF27 /* AppDelegate.swift */; };
		FE0EA9242052BC11001CFF27 /* ViewController.swift in Sources */ = {isa = PBXBuildFile; fileRef = FE0EA9232052BC11001CFF27 /* ViewController.swift */; };
		FE0EA9272052BC11001CFF27 /* Main.storyboard in Resources */ = {isa = PBXBuildFile; fileRef = FE0EA9252052BC11001CFF27 /* Main.storyboard */; };
		FE0EA9292052BC11001CFF27 /* Assets.xcassets in Resources */ = {isa = PBXBuildFile; fileRef = FE0EA9282052BC11001CFF27 /* Assets.xcassets */; };
		FE0EA92C2052BC11001CFF27 /* LaunchScreen.storyboard in Resources */ = {isa = PBXBuildFile; fileRef = FE0EA92A2052BC11001CFF27 /* LaunchScreen.storyboard */; };
		FE2475AC20559A6700719ABE /* DrawView.swift in Sources */ = {isa = PBXBuildFile; fileRef = FE2475AB20559A6700719ABE /* DrawView.swift */; };
/* End PBXBuildFile section */

/* Begin PBXFileReference section */
		FE0EA91E2052BC11001CFF27 /* CreateRectangles.app */ = {isa = PBXFileReference; explicitFileType = wrapper.application; includeInIndex = 0; path = CreateRectangles.app; sourceTree = BUILT_PRODUCTS_DIR; };
		FE0EA9212052BC11001CFF27 /* AppDelegate.swift */ = {isa = PBXFileReference; lastKnownFileType = sourcecode.swift; path = AppDelegate.swift; sourceTree = "<group>"; };
		FE0EA9232052BC11001CFF27 /* ViewController.swift */ = {isa = PBXFileReference; lastKnownFileType = sourcecode.swift; path = ViewController.swift; sourceTree = "<group>"; };
		FE0EA9262052BC11001CFF27 /* Base */ = {isa = PBXFileReference; lastKnownFileType = file.storyboard; name = Base; path = Base.lproj/Main.storyboard; sourceTree = "<group>"; };
		FE0EA9282052BC11001CFF27 /* Assets.xcassets */ = {isa = PBXFileReference; lastKnownFileType = folder.assetcatalog; path = Assets.xcassets; sourceTree = "<group>"; };
		FE0EA92B2052BC11001CFF27 /* Base */ = {isa = PBXFileReference; lastKnownFileType = file.storyboard; name = Base; path = Base.lproj/LaunchScreen.storyboard; sourceTree = "<group>"; };
		FE0EA92D2052BC11001CFF27 /* Info.plist */ = {isa = PBXFileReference; lastKnownFileType = text.plist.xml; path = Info.plist; sourceTree = "<group>"; };
		FE2475AB20559A6700719ABE /* DrawView.swift */ = {isa = PBXFileReference; lastKnownFileType = sourcecode.swift; path = DrawView.swift; sourceTree = "<group>"; };
/* End PBXFileReference section */

/* Begin PBXFrameworksBuildPhase section */
		FE0EA91B2052BC11001CFF27 /* Frameworks */ = {
			isa = PBXFrameworksBuildPhase;
			buildActionMask = 2147483647;
			files = (
			);
			runOnlyForDeploymentPostprocessing = 0;
		};
/* End PBXFrameworksBuildPhase section */

/* Begin PBXGroup section */
		FE0EA9152052BC11001CFF27 = {
			isa = PBXGroup;
			children = (
				FE0EA9202052BC11001CFF27 /* CreateRectangles */,
				FE0EA91F2052BC11001CFF27 /* Products */,
			);
			sourceTree = "<group>";
		};
		FE0EA91F2052BC11001CFF27 /* Products */ = {
			isa = PBXGroup;
			children = (
				FE0EA91E2052BC11001CFF27 /* CreateRectangles.app */,
			);
			name = Products;
			sourceTree = "<group>";
		};
		FE0EA9202052BC11001CFF27 /* CreateRectangles */ = {
			isa = PBXGroup;
			children = (
				FE0EA9212052BC11001CFF27 /* AppDelegate.swift */,
				FE0EA9232052BC11001CFF27 /* ViewController.swift */,
				FE2475AB20559A6700719ABE /* DrawView.swift */,
				FE0EA9252052BC11001CFF27 /* Main.storyboard */,
				FE0EA9282052BC11001CFF27 /* Assets.xcassets */,
				FE0EA92A2052BC11001CFF27 /* LaunchScreen.storyboard */,
				FE0EA92D2052BC11001CFF27 /* Info.plist */,
			);
			path = CreateRectangles;
			sourceTree = "<group>";
		};
/* End PBXGroup section */

/* Begin PBXNativeTarget section */
		FE0EA91D2052BC11001CFF27 /* CreateRectangles */ = {
			isa = PBXNativeTarget;
			buildConfigurationList = FE0EA9302052BC11001CFF27 /* Build configuration list for PBXNativeTarget "CreateRectangles" */;
			buildPhases = (
				FE0EA91A2052BC11001CFF27 /* Sources */,
				FE0EA91B2052BC11001CFF27 /* Frameworks */,
				FE0EA91C2052BC11001CFF27 /* Resources */,
			);
			buildRules = (
			);
			dependencies = (
			);
			name = CreateRectangles;
			productName = CreateRectangles;
			productReference = FE0EA91E2052BC11001CFF27 /* CreateRectangles.app */;
			productType = "com.apple.product-type.application";
		};
/* End PBXNativeTarget section */

/* Begin PBXProject section */
		FE0EA9162052BC11001CFF27 /* Project object */ = {
			isa = PBXProject;
			attributes = {
				LastSwiftUpdateCheck = 0920;
				LastUpgradeCheck = 0920;
				ORGANIZATIONNAME = Vitaliy;
				TargetAttributes = {
					FE0EA91D2052BC11001CFF27 = {
						CreatedOnToolsVersion = 9.2;
						ProvisioningStyle = Automatic;
					};
				};
			};
			buildConfigurationList = FE0EA9192052BC11001CFF27 /* Build configuration list for PBXProject "CreateRectangles" */;
			compatibilityVersion = "Xcode 8.0";
			developmentRegion = en;
			hasScannedForEncodings = 0;
			knownRegions = (
				en,
				Base,
			);
			mainGroup = FE0EA9152052BC11001CFF27;
			productRefGroup = FE0EA91F2052BC11001CFF27 /* Products */;
			projectDirPath = "";
			projectRoot = "";
			targets = (
				FE0EA91D2052BC11001CFF27 /* CreateRectangles */,
			);
		};
/* End PBXProject section */

/* Begin PBXResourcesBuildPhase section */
		FE0EA91C2052BC11001CFF27 /* Resources */ = {
			isa = PBXResourcesBuildPhase;
			buildActionMask = 2147483647;
			files = (
				FE0EA92C2052BC11001CFF27 /* LaunchScreen.storyboard in Resources */,
				FE0EA9292052BC11001CFF27 /* Assets.xcassets in Resources */,
				FE0EA9272052BC11001CFF27 /* Main.storyboard in Resources */,
			);
			runOnlyForDeploymentPostprocessing = 0;
		};
/* End PBXResourcesBuildPhase section */

/* Begin PBXSourcesBuildPhase section */
		FE0EA91A2052BC11001CFF27 /* Sources */ = {
			isa = PBXSourcesBuildPhase;
			buildActionMask = 2147483647;
			files = (
				FE0EA9242052BC11001CFF27 /* ViewController.swift in Sources */,
				FE0EA9222052BC11001CFF27 /* AppDelegate.swift in Sources */,
				FE2475AC20559A6700719ABE /* DrawView.swift in Sources */,
			);
			runOnlyForDeploymentPostprocessing = 0;
		};
/* End PBXSourcesBuildPhase section */

/* Begin PBXVariantGroup section */
		FE0EA9252052BC11001CFF27 /* Main.storyboard */ = {
			isa = PBXVariantGroup;
			children = (
				FE0EA9262052BC11001CFF27 /* Base */,
			);
			name = Main.storyboard;
			sourceTree = "<group>";
		};
		FE0EA92A2052BC11001CFF27 /* LaunchScreen.storyboard */ = {
			isa = PBXVariantGroup;
			children = (
				FE0EA92B2052BC11001CFF27 /* Base */,
			);
			name = LaunchScreen.storyboard;
			sourceTree = "<group>";
		};
/* End PBXVariantGroup section */

/* Begin XCBuildConfiguration section */
		FE0EA92E2052BC11001CFF27 /* Debug */ = {
			isa = XCBuildConfiguration;
			buildSettings = {
				ALWAYS_SEARCH_USER_PATHS = NO;
				CLANG_ANALYZER_NONNULL = YES;
				CLANG_ANALYZER_NUMBER_OBJECT_CONVERSION = YES_AGGRESSIVE;
				CLANG_CXX_LANGUAGE_STANDARD = "gnu++14";
				CLANG_CXX_LIBRARY = "libc++";
				CLANG_ENABLE_MODULES = YES;
				CLANG_ENABLE_OBJC_ARC = YES;
				CLANG_WARN_BLOCK_CAPTURE_AUTORELEASING = YES;
				CLANG_WARN_BOOL_CONVERSION = YES;
				CLANG_WARN_COMMA = YES;
				CLANG_WARN_CONSTANT_CONVERSION = YES;
				CLANG_WARN_DIRECT_OBJC_ISA_USAGE = YES_ERROR;
				CLANG_WARN_DOCUMENTATION_COMMENTS = YES;
				CLANG_WARN_EMPTY_BODY = YES;
				CLANG_WARN_ENUM_CONVERSION = YES;
				CLANG_WARN_INFINITE_RECURSION = YES;
				CLANG_WARN_INT_CONVERSION = YES;
				CLANG_WARN_NON_LITERAL_NULL_CONVERSION = YES;
				CLANG_WARN_OBJC_LITERAL_CONVERSION = YES;
				CLANG_WARN_OBJC_ROOT_CLASS = YES_ERROR;
				CLANG_WARN_RANGE_LOOP_ANALYSIS = YES;
				CLANG_WARN_STRICT_PROTOTYPES = YES;
				CLANG_WARN_SUSPICIOUS_MOVE = YES;
				CLANG_WARN_UNGUARDED_AVAILABILITY = YES_AGGRESSIVE;
				CLANG_WARN_UNREACHABLE_CODE = YES;
				CLANG_WARN__DUPLICATE_METHOD_MATCH = YES;
				CODE_SIGN_IDENTITY = "iPhone Developer";
				COPY_PHASE_STRIP = NO;
				DEBUG_INFORMATION_FORMAT = dwarf;
				ENABLE_STRICT_OBJC_MSGSEND = YES;
				ENABLE_TESTABILITY = YES;
				GCC_C_LANGUAGE_STANDARD = gnu11;
				GCC_DYNAMIC_NO_PIC = NO;
				GCC_NO_COMMON_BLOCKS = YES;
				GCC_OPTIMIZATION_LEVEL = 0;
				GCC_PREPROCESSOR_DEFINITIONS = (
					"DEBUG=1",
					"$(inherited)",
				);
				GCC_WARN_64_TO_32_BIT_CONVERSION = YES;
				GCC_WARN_ABOUT_RETURN_TYPE = YES_ERROR;
				GCC_WARN_UNDECLARED_SELECTOR = YES;
				GCC_WARN_UNINITIALIZED_AUTOS = YES_AGGRESSIVE;
				GCC_WARN_UNUSED_FUNCTION = YES;
				GCC_WARN_UNUSED_VARIABLE = YES;
				IPHONEOS_DEPLOYMENT_TARGET = 11.2;
				MTL_ENABLE_DEBUG_INFO = YES;
				ONLY_ACTIVE_ARCH = YES;
				SDKROOT = iphoneos;
				SWIFT_ACTIVE_COMPILATION_CONDITIONS = DEBUG;
				SWIFT_OPTIMIZATION_LEVEL = "-Onone";
			};
			name = Debug;
		};
		FE0EA92F2052BC11001CFF27 /* Release */ = {
			isa = XCBuildConfiguration;
			buildSettings = {
				ALWAYS_SEARCH_USER_PATHS = NO;
				CLANG_ANALYZER_NONNULL = YES;
				CLANG_ANALYZER_NUMBER_OBJECT_CONVERSION = YES_AGGRESSIVE;
				CLANG_CXX_LANGUAGE_STANDARD = "gnu++14";
				CLANG_CXX_LIBRARY = "libc++";
				CLANG_ENABLE_MODULES = YES;
				CLANG_ENABLE_OBJC_ARC = YES;
				CLANG_WARN_BLOCK_CAPTURE_AUTORELEASING = YES;
				CLANG_WARN_BOOL_CONVERSION = YES;
				CLANG_WARN_COMMA = YES;
				CLANG_WARN_CONSTANT_CONVERSION = YES;
				CLANG_WARN_DIRECT_OBJC_ISA_USAGE = YES_ERROR;
				CLANG_WARN_DOCUMENTATION_COMMENTS = YES;
				CLANG_WARN_EMPTY_BODY = YES;
				CLANG_WARN_ENUM_CONVERSION = YES;
				CLANG_WARN_INFINITE_RECURSION = YES;
				CLANG_WARN_INT_CONVERSION = YES;
				CLANG_WARN_NON_LITERAL_NULL_CONVERSION = YES;
				CLANG_WARN_OBJC_LITERAL_CONVERSION = YES;
				CLANG_WARN_OBJC_ROOT_CLASS = YES_ERROR;
				CLANG_WARN_RANGE_LOOP_ANALYSIS = YES;
				CLANG_WARN_STRICT_PROTOTYPES = YES;
				CLANG_WARN_SUSPICIOUS_MOVE = YES;
				CLANG_WARN_UNGUARDED_AVAILABILITY = YES_AGGRESSIVE;
				CLANG_WARN_UNREACHABLE_CODE = YES;
				CLANG_WARN__DUPLICATE_METHOD_MATCH = YES;
				CODE_SIGN_IDENTITY = "iPhone Developer";
				COPY_PHASE_STRIP = NO;
				DEBUG_INFORMATION_FORMAT = "dwarf-with-dsym";
				ENABLE_NS_ASSERTIONS = NO;
				ENABLE_STRICT_OBJC_MSGSEND = YES;
				GCC_C_LANGUAGE_STANDARD = gnu11;
				GCC_NO_COMMON_BLOCKS = YES;
				GCC_WARN_64_TO_32_BIT_CONVERSION = YES;
				GCC_WARN_ABOUT_RETURN_TYPE = YES_ERROR;
				GCC_WARN_UNDECLARED_SELECTOR = YES;
				GCC_WARN_UNINITIALIZED_AUTOS = YES_AGGRESSIVE;
				GCC_WARN_UNUSED_FUNCTION = YES;
				GCC_WARN_UNUSED_VARIABLE = YES;
				IPHONEOS_DEPLOYMENT_TARGET = 11.2;
				MTL_ENABLE_DEBUG_INFO = NO;
				SDKROOT = iphoneos;
				SWIFT_OPTIMIZATION_LEVEL = "-Owholemodule";
				VALIDATE_PRODUCT = YES;
			};
			name = Release;
		};
		FE0EA9312052BC11001CFF27 /* Debug */ = {
			isa = XCBuildConfiguration;
			buildSettings = {
				ASSETCATALOG_COMPILER_APPICON_NAME = AppIcon;
				CODE_SIGN_STYLE = Automatic;
				DEVELOPMENT_TEAM = ZKFS53S7CD;
				INFOPLIST_FILE = CreateRectangles/Info.plist;
				LD_RUNPATH_SEARCH_PATHS = "$(inherited) @executable_path/Frameworks";
				PRODUCT_BUNDLE_IDENTIFIER = Home.CreateRectangles;
				PRODUCT_NAME = "$(TARGET_NAME)";
				SWIFT_VERSION = 4.0;
				TARGETED_DEVICE_FAMILY = "1,2";
			};
			name = Debug;
		};
		FE0EA9322052BC11001CFF27 /* Release */ = {
			isa = XCBuildConfiguration;
			buildSettings = {
				ASSETCATALOG_COMPILER_APPICON_NAME = AppIcon;
				CODE_SIGN_STYLE = Automatic;
				DEVELOPMENT_TEAM = ZKFS53S7CD;
				INFOPLIST_FILE = CreateRectangles/Info.plist;
				LD_RUNPATH_SEARCH_PATHS = "$(inherited) @executable_path/Frameworks";
				PRODUCT_BUNDLE_IDENTIFIER = Home.CreateRectangles;
				PRODUCT_NAME = "$(TARGET_NAME)";
				SWIFT_VERSION = 4.0;
				TARGETED_DEVICE_FAMILY = "1,2";
			};
			name = Release;
		};
/* End XCBuildConfiguration section */

/* Begin XCConfigurationList section */
		FE0EA9192052BC11001CFF27 /* Build configuration list for PBXProject "CreateRectangles" */ = {
			isa = XCConfigurationList;
			buildConfigurations = (
				FE0EA92E2052BC11001CFF27 /* Debug */,
				FE0EA92F2052BC11001CFF27 /* Release */,
			);
			defaultConfigurationIsVisible = 0;
			defaultConfigurationName = Release;
		};
		FE0EA9302052BC11001CFF27 /* Build configuration list for PBXNativeTarget "CreateRectangles" */ = {
			isa = XCConfigurationList;
			buildConfigurations = (
				FE0EA9312052BC11001CFF27 /* Debug */,
				FE0EA9322052BC11001CFF27 /* Release */,
			);
			defaultConfigurationIsVisible = 0;
			defaultConfigurationName = Release;
		};
/* End XCConfigurationList section */
	};
	rootObject = FE0EA9162052BC11001CFF27 /* Project object */;
}
